
Microsoft Visual Studio Solution File, Format Version 12.00
Project("{FAE04EC0-301F-11D3-BF4B-00C04F79EFBC}") = "Niwa", "Niwa\Niwa.csproj", "{8E8B7680-C8A1-4A55-BBC3-C8E62919B04E}"
EndProject
Project("{FAE04EC0-301F-11D3-BF4B-00C04F79EFBC}") = "Niwa.Models", "Niwa.Models\Niwa.Models.csproj", "{024F07FD-BCF1-4F70-AA96-0A989881F492}"
EndProject
Project("{FAE04EC0-301F-11D3-BF4B-00C04F79EFBC}") = "Niwa.Database", "Niwa.Database\Niwa.Database.csproj", "{5CBE7FAE-EF77-41D5-A5F4-ADBC557A0CC6}"
EndProject
Project("{FAE04EC0-301F-11D3-BF4B-00C04F79EFBC}") = "Niwa.Repositories", "Niwa.Repositories\Niwa.Repositories.csproj", "{65DBF8E7-C414-44E4-8685-8CE86C5FC856}"
EndProject
Global
	GlobalSection(SolutionConfigurationPlatforms) = preSolution
		Debug|Any CPU = Debug|Any CPU
		Release|Any CPU = Release|Any CPU
	EndGlobalSection
	GlobalSection(ProjectConfigurationPlatforms) = postSolution
		{8E8B7680-C8A1-4A55-BBC3-C8E62919B04E}.Debug|Any CPU.ActiveCfg = Debug|Any CPU
		{8E8B7680-C8A1-4A55-BBC3-C8E62919B04E}.Debug|Any CPU.Build.0 = Debug|Any CPU
		{8E8B7680-C8A1-4A55-BBC3-C8E62919B04E}.Release|Any CPU.ActiveCfg = Release|Any CPU
		{8E8B7680-C8A1-4A55-BBC3-C8E62919B04E}.Release|Any CPU.Build.0 = Release|Any CPU
		{024F07FD-BCF1-4F70-AA96-0A989881F492}.Debug|Any CPU.ActiveCfg = Debug|Any CPU
		{024F07FD-BCF1-4F70-AA96-0A989881F492}.Debug|Any CPU.Build.0 = Debug|Any CPU
		{024F07FD-BCF1-4F70-AA96-0A989881F492}.Release|Any CPU.ActiveCfg = Release|Any CPU
		{024F07FD-BCF1-4F70-AA96-0A989881F492}.Release|Any CPU.Build.0 = Release|Any CPU
		{5CBE7FAE-EF77-41D5-A5F4-ADBC557A0CC6}.Debug|Any CPU.ActiveCfg = Debug|Any CPU
		{5CBE7FAE-EF77-41D5-A5F4-ADBC557A0CC6}.Debug|Any CPU.Build.0 = Debug|Any CPU
		{5CBE7FAE-EF77-41D5-A5F4-ADBC557A0CC6}.Release|Any CPU.ActiveCfg = Release|Any CPU
		{5CBE7FAE-EF77-41D5-A5F4-ADBC557A0CC6}.Release|Any CPU.Build.0 = Release|Any CPU
		{65DBF8E7-C414-44E4-8685-8CE86C5FC856}.Debug|Any CPU.ActiveCfg = Debug|Any CPU
		{65DBF8E7-C414-44E4-8685-8CE86C5FC856}.Debug|Any CPU.Build.0 = Debug|Any CPU
		{65DBF8E7-C414-44E4-8685-8CE86C5FC856}.Release|Any CPU.ActiveCfg = Release|Any CPU
		{65DBF8E7-C414-44E4-8685-8CE86C5FC856}.Release|Any CPU.Build.0 = Release|Any CPU
	EndGlobalSection
EndGlobal
